
Microsoft Visual Studio Solution File, Format Version 11.00
# Visual Studio 2010
Project("{FAE04EC0-301F-11D3-BF4B-00C04F79EFBC}") = "TwilioSMS", "http post project\TwilioSMS.csproj", "{665971DC-D2FE-4C83-91A2-49CD73F83541}"
EndProject
Project("{2150E333-8FDC-42A3-9474-1A3956D46DE8}") = ".nuget", ".nuget", "{6A0125C4-72BB-4F92-AA54-306BC98F8ECA}"
	ProjectSection(SolutionItems) = preProject
		.nuget\packages.config = .nuget\packages.config
	EndProjectSection
EndProject
Global
	GlobalSection(SolutionConfigurationPlatforms) = preSolution
		Debug|x86 = Debug|x86
		Release|x86 = Release|x86
	EndGlobalSection
	GlobalSection(ProjectConfigurationPlatforms) = postSolution
		{665971DC-D2FE-4C83-91A2-49CD73F83541}.Debug|x86.ActiveCfg = Debug|x86
		{665971DC-D2FE-4C83-91A2-49CD73F83541}.Debug|x86.Build.0 = Debug|x86
		{665971DC-D2FE-4C83-91A2-49CD73F83541}.Release|x86.ActiveCfg = Release|x86
		{665971DC-D2FE-4C83-91A2-49CD73F83541}.Release|x86.Build.0 = Release|x86
	EndGlobalSection
	GlobalSection(SolutionProperties) = preSolution
		HideSolutionNode = FALSE
	EndGlobalSection
EndGlobal
